# generated by rye
# use `rye lock` or `rye sync` to update this lockfile
#
# last locked with the following flags:
#   pre: false
#   features: []
#   all-features: false
#   with-sources: false
#   generate-hashes: false
#   universal: false

blinker==1.8.2
    # via flask
cffi==1.17.1
    # via cryptography
click==8.1.7
    # via flask
cryptography==44.0.0
flask==3.0.3
    # via flask-wtf
flask-wtf==1.2.1
gunicorn==23.0.0
importlib-metadata==8.5.0
    # via flask
itsdangerous==2.2.0
    # via flask
    # via flask-wtf
jinja2==3.1.4
    # via flask
markupsafe==2.1.5
    # via jinja2
    # via werkzeug
    # via wtforms
packaging==24.2
    # via gunicorn
passlib==1.7.4
pycparser==2.22
    # via cffi
pymysql==1.1.1
werkzeug==3.0.6
    # via flask
wtforms==3.1.2
    # via flask-wtf
zipp==3.20.2
    # via importlib-metadata
