# generated by rye
# use `rye lock` or `rye sync` to update this lockfile
#
# last locked with the following flags:
#   pre: false
#   features: []
#   all-features: false
#   with-sources: false
#   generate-hashes: false
#   universal: false

cffi==1.17.1
    # via cryptography
click==6.7
    # via flask
cryptography==44.0.0
flask==1.0
    # via flask-wtf
flask-wtf==0.14.2
gunicorn==19.6.0
itsdangerous==0.24
    # via flask
jinja2==2.10
    # via flask
markupsafe==0.23
    # via jinja2
passlib==1.7.1
pycparser==2.22
    # via cffi
pymysql==1.1.1
werkzeug==0.15.3
    # via flask
wtforms==2.1
    # via flask-wtf
